{
  "version": 4,
  "terraform_version": "0.12.29",
  "serial": 31,
  "lineage": "c76a4da1-fcb5-a35d-a49b-f6121cfecb11",
  "outputs": {
    "Jenkins-Master-AMI-ID": {
      "value": "ami-0be2609ba883822ec",
      "type": "string"
    },
    "Jenkins-Master-Private-IP": {
      "value": "10.0.1.172",
      "type": "string"
    },
    "Jenkins-Master-Public-DNS": {
      "value": "ec2-54-159-70-209.compute-1.amazonaws.com",
      "type": "string"
    },
    "Jenkins-Master-Public-IP": {
      "value": "54.159.70.209",
      "type": "string"
    },
    "Jenkins-Worker-AMI-ID": {
      "value": "ami-0a36eb8fadc976275",
      "type": "string"
    },
    "Jenkins-Worker-Private-IPs": {
      "value": {
        "i-0861bf9359c0a46b7": "192.168.1.125",
        "i-0c3cec40d726f1fdc": "192.168.1.135"
      },
      "type": [
        "object",
        {
          "i-0861bf9359c0a46b7": "string",
          "i-0c3cec40d726f1fdc": "string"
        }
      ]
    },
    "Jenkins-Worker-Public-IPs": {
      "value": {
        "i-0861bf9359c0a46b7": "52.12.149.118",
        "i-0c3cec40d726f1fdc": "52.12.246.193"
      },
      "type": [
        "object",
        {
          "i-0861bf9359c0a46b7": "string",
          "i-0c3cec40d726f1fdc": "string"
        }
      ]
    },
    "Loadbalancer-DNS-URL": {
      "value": "jenkins-lb-958010371.us-east-1.elb.amazonaws.com",
      "type": "string"
    }
  },
  "resources": [
    {
      "mode": "data",
      "type": "aws_availability_zones",
      "name": "azs",
      "provider": "provider.aws.region-master",
      "instances": [
        {
          "schema_version": 0,
          "attributes": {
            "all_availability_zones": null,
            "exclude_names": null,
            "exclude_zone_ids": null,
            "filter": null,
            "group_names": [
              "us-east-1"
            ],
            "id": "us-east-1",
            "names": [
              "us-east-1a",
              "us-east-1b",
              "us-east-1c",
              "us-east-1d",
              "us-east-1e",
              "us-east-1f"
            ],
            "state": "available",
            "zone_ids": [
              "use1-az4",
              "use1-az6",
              "use1-az1",
              "use1-az2",
              "use1-az3",
              "use1-az5"
            ]
          }
        }
      ]
    },
    {
      "mode": "data",
      "type": "aws_ssm_parameter",
      "name": "JenkinsMasterAmi",
      "provider": "provider.aws.region-master",
      "instances": [
        {
          "schema_version": 0,
          "attributes": {
            "arn": "arn:aws:ssm:us-east-1:234761988130:parameter/aws/service/ami-amazon-linux-latest/amzn2-ami-hvm-x86_64-gp2",
            "id": "/aws/service/ami-amazon-linux-latest/amzn2-ami-hvm-x86_64-gp2",
            "name": "/aws/service/ami-amazon-linux-latest/amzn2-ami-hvm-x86_64-gp2",
            "type": "String",
            "value": "ami-0be2609ba883822ec",
            "version": 36,
            "with_decryption": true
          }
        }
      ]
    },
    {
      "mode": "data",
      "type": "aws_ssm_parameter",
      "name": "JenkinsWorkerAmi",
      "provider": "provider.aws.region-worker",
      "instances": [
        {
          "schema_version": 0,
          "attributes": {
            "arn": "arn:aws:ssm:us-west-2:234761988130:parameter/aws/service/ami-amazon-linux-latest/amzn2-ami-hvm-x86_64-gp2",
            "id": "/aws/service/ami-amazon-linux-latest/amzn2-ami-hvm-x86_64-gp2",
            "name": "/aws/service/ami-amazon-linux-latest/amzn2-ami-hvm-x86_64-gp2",
            "type": "String",
            "value": "ami-0a36eb8fadc976275",
            "version": 37,
            "with_decryption": true
          }
        }
      ]
    },
    {
      "mode": "managed",
      "type": "aws_instance",
      "name": "jenkins-master",
      "provider": "provider.aws.region-master",
      "instances": [
        {
          "schema_version": 1,
          "attributes": {
            "ami": "ami-0be2609ba883822ec",
            "arn": "arn:aws:ec2:us-east-1:234761988130:instance/i-0ed3ab86cb3cda19e",
            "associate_public_ip_address": true,
            "availability_zone": "us-east-1a",
            "cpu_core_count": 1,
            "cpu_threads_per_core": 2,
            "credit_specification": [
              {
                "cpu_credits": "unlimited"
              }
            ],
            "disable_api_termination": false,
            "ebs_block_device": [],
            "ebs_optimized": false,
            "enclave_options": [
              {
                "enabled": false
              }
            ],
            "ephemeral_block_device": [],
            "get_password_data": false,
            "hibernation": false,
            "host_id": null,
            "iam_instance_profile": "",
            "id": "i-0ed3ab86cb3cda19e",
            "instance_initiated_shutdown_behavior": null,
            "instance_state": "running",
            "instance_type": "t3.micro",
            "ipv6_address_count": 0,
            "ipv6_addresses": [],
            "key_name": "jenkins",
            "metadata_options": [
              {
                "http_endpoint": "enabled",
                "http_put_response_hop_limit": 1,
                "http_tokens": "optional"
              }
            ],
            "monitoring": false,
            "network_interface": [],
            "outpost_arn": "",
            "password_data": "",
            "placement_group": "",
            "primary_network_interface_id": "eni-096b6d931c46f13bf",
            "private_dns": "ip-10-0-1-172.ec2.internal",
            "private_ip": "10.0.1.172",
            "public_dns": "ec2-54-159-70-209.compute-1.amazonaws.com",
            "public_ip": "54.159.70.209",
            "root_block_device": [
              {
                "delete_on_termination": true,
                "device_name": "/dev/xvda",
                "encrypted": false,
                "iops": 100,
                "kms_key_id": "",
                "throughput": 0,
                "volume_id": "vol-0a601fa6d4e6aa1c1",
                "volume_size": 8,
                "volume_type": "gp2"
              }
            ],
            "secondary_private_ips": [],
            "security_groups": [],
            "source_dest_check": true,
            "subnet_id": "subnet-0b556b837be81a632",
            "tags": {
              "Name": "jenkins_master_tf"
            },
            "tenancy": "default",
            "timeouts": null,
            "user_data": null,
            "user_data_base64": null,
            "volume_tags": {},
            "vpc_security_group_ids": [
              "sg-020845fb834f4d462"
            ]
          },
          "private": "eyJlMmJmYjczMC1lY2FhLTExZTYtOGY4OC0zNDM2M2JjN2M0YzAiOnsiY3JlYXRlIjo2MDAwMDAwMDAwMDAsImRlbGV0ZSI6MTIwMDAwMDAwMDAwMCwidXBkYXRlIjo2MDAwMDAwMDAwMDB9LCJzY2hlbWFfdmVyc2lvbiI6IjEifQ==",
          "dependencies": [
            "aws_internet_gateway.igw",
            "aws_key_pair.master-key",
            "aws_main_route_table_association.set-master-default-rt-assoc",
            "aws_route_table.internet_route",
            "aws_security_group.jenkins-sg",
            "aws_subnet.subnet_1",
            "aws_vpc.vpc_useast",
            "aws_vpc.vpc_uswest",
            "aws_vpc_peering_connection.useast1-uswest-2"
          ]
        }
      ]
    },
    {
      "mode": "managed",
      "type": "aws_instance",
      "name": "jenkins-worker-oregon",
      "each": "list",
      "provider": "provider.aws.region-worker",
      "instances": [
        {
          "index_key": 0,
          "schema_version": 1,
          "attributes": {
            "ami": "ami-0a36eb8fadc976275",
            "arn": "arn:aws:ec2:us-west-2:234761988130:instance/i-0861bf9359c0a46b7",
            "associate_public_ip_address": true,
            "availability_zone": "us-west-2c",
            "cpu_core_count": 1,
            "cpu_threads_per_core": 2,
            "credit_specification": [
              {
                "cpu_credits": "unlimited"
              }
            ],
            "disable_api_termination": false,
            "ebs_block_device": [],
            "ebs_optimized": false,
            "enclave_options": [
              {
                "enabled": false
              }
            ],
            "ephemeral_block_device": [],
            "get_password_data": false,
            "hibernation": false,
            "host_id": null,
            "iam_instance_profile": "",
            "id": "i-0861bf9359c0a46b7",
            "instance_initiated_shutdown_behavior": null,
            "instance_state": "running",
            "instance_type": "t3.micro",
            "ipv6_address_count": 0,
            "ipv6_addresses": [],
            "key_name": "jenkins",
            "metadata_options": [
              {
                "http_endpoint": "enabled",
                "http_put_response_hop_limit": 1,
                "http_tokens": "optional"
              }
            ],
            "monitoring": false,
            "network_interface": [],
            "outpost_arn": "",
            "password_data": "",
            "placement_group": "",
            "primary_network_interface_id": "eni-06ea60b0d1a17ad1c",
            "private_dns": "ip-192-168-1-125.us-west-2.compute.internal",
            "private_ip": "192.168.1.125",
            "public_dns": "ec2-52-12-149-118.us-west-2.compute.amazonaws.com",
            "public_ip": "52.12.149.118",
            "root_block_device": [
              {
                "delete_on_termination": true,
                "device_name": "/dev/xvda",
                "encrypted": false,
                "iops": 100,
                "kms_key_id": "",
                "throughput": 0,
                "volume_id": "vol-0e51431f1e7d31664",
                "volume_size": 8,
                "volume_type": "gp2"
              }
            ],
            "secondary_private_ips": [],
            "security_groups": [],
            "source_dest_check": true,
            "subnet_id": "subnet-0f737588a26211211",
            "tags": {
              "Name": "jenkins_worker_tf_1"
            },
            "tenancy": "default",
            "timeouts": null,
            "user_data": null,
            "user_data_base64": null,
            "volume_tags": {},
            "vpc_security_group_ids": [
              "sg-0a2f835d573e74410"
            ]
          },
          "private": "eyJlMmJmYjczMC1lY2FhLTExZTYtOGY4OC0zNDM2M2JjN2M0YzAiOnsiY3JlYXRlIjo2MDAwMDAwMDAwMDAsImRlbGV0ZSI6MTIwMDAwMDAwMDAwMCwidXBkYXRlIjo2MDAwMDAwMDAwMDB9LCJzY2hlbWFfdmVyc2lvbiI6IjEifQ==",
          "dependencies": [
            "aws_instance.jenkins-master",
            "aws_internet_gateway.igw",
            "aws_internet_gateway.igw-oregon",
            "aws_key_pair.master-key",
            "aws_key_pair.worker-key",
            "aws_main_route_table_association.set-master-default-rt-assoc",
            "aws_main_route_table_association.set-worker-default-rt-assoc",
            "aws_route_table.internet_route",
            "aws_route_table.internet_route_oregon",
            "aws_security_group.jenkins-sg",
            "aws_security_group.jenkins-sg-oregon",
            "aws_subnet.subnet_1",
            "aws_subnet.subnet_1_oregon",
            "aws_vpc.vpc_useast",
            "aws_vpc.vpc_uswest",
            "aws_vpc_peering_connection.useast1-uswest-2"
          ]
        },
        {
          "index_key": 1,
          "schema_version": 1,
          "attributes": {
            "ami": "ami-0a36eb8fadc976275",
            "arn": "arn:aws:ec2:us-west-2:234761988130:instance/i-0c3cec40d726f1fdc",
            "associate_public_ip_address": true,
            "availability_zone": "us-west-2c",
            "cpu_core_count": 1,
            "cpu_threads_per_core": 2,
            "credit_specification": [
              {
                "cpu_credits": "unlimited"
              }
            ],
            "disable_api_termination": false,
            "ebs_block_device": [],
            "ebs_optimized": false,
            "enclave_options": [
              {
                "enabled": false
              }
            ],
            "ephemeral_block_device": [],
            "get_password_data": false,
            "hibernation": false,
            "host_id": null,
            "iam_instance_profile": "",
            "id": "i-0c3cec40d726f1fdc",
            "instance_initiated_shutdown_behavior": null,
            "instance_state": "running",
            "instance_type": "t3.micro",
            "ipv6_address_count": 0,
            "ipv6_addresses": [],
            "key_name": "jenkins",
            "metadata_options": [
              {
                "http_endpoint": "enabled",
                "http_put_response_hop_limit": 1,
                "http_tokens": "optional"
              }
            ],
            "monitoring": false,
            "network_interface": [],
            "outpost_arn": "",
            "password_data": "",
            "placement_group": "",
            "primary_network_interface_id": "eni-018c618259d5d37d6",
            "private_dns": "ip-192-168-1-135.us-west-2.compute.internal",
            "private_ip": "192.168.1.135",
            "public_dns": "ec2-52-12-246-193.us-west-2.compute.amazonaws.com",
            "public_ip": "52.12.246.193",
            "root_block_device": [
              {
                "delete_on_termination": true,
                "device_name": "/dev/xvda",
                "encrypted": false,
                "iops": 100,
                "kms_key_id": "",
                "throughput": 0,
                "volume_id": "vol-045ea6da93bed5eaa",
                "volume_size": 8,
                "volume_type": "gp2"
              }
            ],
            "secondary_private_ips": [],
            "security_groups": [],
            "source_dest_check": true,
            "subnet_id": "subnet-0f737588a26211211",
            "tags": {
              "Name": "jenkins_worker_tf_2"
            },
            "tenancy": "default",
            "timeouts": null,
            "user_data": null,
            "user_data_base64": null,
            "volume_tags": {},
            "vpc_security_group_ids": [
              "sg-0a2f835d573e74410"
            ]
          },
          "private": "eyJlMmJmYjczMC1lY2FhLTExZTYtOGY4OC0zNDM2M2JjN2M0YzAiOnsiY3JlYXRlIjo2MDAwMDAwMDAwMDAsImRlbGV0ZSI6MTIwMDAwMDAwMDAwMCwidXBkYXRlIjo2MDAwMDAwMDAwMDB9LCJzY2hlbWFfdmVyc2lvbiI6IjEifQ==",
          "dependencies": [
            "aws_instance.jenkins-master",
            "aws_key_pair.worker-key",
            "aws_main_route_table_association.set-worker-default-rt-assoc",
            "aws_security_group.jenkins-sg-oregon",
            "aws_subnet.subnet_1_oregon"
          ]
        }
      ]
    },
    {
      "mode": "managed",
      "type": "aws_internet_gateway",
      "name": "igw",
      "provider": "provider.aws.region-master",
      "instances": [
        {
          "schema_version": 0,
          "attributes": {
            "arn": "arn:aws:ec2:us-east-1:234761988130:internet-gateway/igw-04101d043cf1e63a9",
            "id": "igw-04101d043cf1e63a9",
            "owner_id": "234761988130",
            "tags": {},
            "vpc_id": "vpc-02cafe973e469bc47"
          },
          "private": "bnVsbA==",
          "dependencies": [
            "aws_vpc.vpc_useast"
          ]
        }
      ]
    },
    {
      "mode": "managed",
      "type": "aws_internet_gateway",
      "name": "igw-oregon",
      "provider": "provider.aws.region-worker",
      "instances": [
        {
          "schema_version": 0,
          "attributes": {
            "arn": "arn:aws:ec2:us-west-2:234761988130:internet-gateway/igw-049805af26b779a08",
            "id": "igw-049805af26b779a08",
            "owner_id": "234761988130",
            "tags": {},
            "vpc_id": "vpc-0275aa5dc7c36d146"
          },
          "private": "bnVsbA==",
          "dependencies": [
            "aws_vpc.vpc_uswest"
          ]
        }
      ]
    },
    {
      "mode": "managed",
      "type": "aws_key_pair",
      "name": "master-key",
      "provider": "provider.aws.region-master",
      "instances": [
        {
          "schema_version": 1,
          "attributes": {
            "arn": "arn:aws:ec2:us-east-1:234761988130:key-pair/jenkins",
            "fingerprint": "78:07:6f:71:7e:80:63:5b:a3:61:28:c5:0f:16:2e:4b",
            "id": "jenkins",
            "key_name": "jenkins",
            "key_name_prefix": null,
            "key_pair_id": "key-06209364a3efd13f5",
            "public_key": "ssh-rsa AAAAB3NzaC1yc2EAAAADAQABAAABAQDB6A750oyHWAhrBNNEdJXGB8meHkrFY4E7dXYY8Z2Sa/Qb1Rp13BGeJu2vKYy+nPbcTroix8HvHG1HDosNqZNvVoKyx8sFsEYB6HQH2vsKQdOony5yit/sxUBpvKP4N4Cei1xwDbhKXWW2XT2jMfO2Egahk3kT2xFbk9qbUyXGNjOlHS/kRmzBUHtxaPp/QgRV+0W/zWCpdyAoO7QbrAjYxNycl8VyBn6yn73R+deECAP/tJKF49L6a7R/4wu9ogakQMABvvZAeJDTITRYUT5oBOwcyFLrHwam5OOiFstzJvfEZ5hZbY7qKeHg4lqXk7XAIw/05nK/SBuWuNsAFt+r",
            "tags": {}
          },
          "private": "eyJzY2hlbWFfdmVyc2lvbiI6IjEifQ=="
        }
      ]
    },
    {
      "mode": "managed",
      "type": "aws_key_pair",
      "name": "worker-key",
      "provider": "provider.aws.region-worker",
      "instances": [
        {
          "schema_version": 1,
          "attributes": {
            "arn": "arn:aws:ec2:us-west-2:234761988130:key-pair/jenkins",
            "fingerprint": "78:07:6f:71:7e:80:63:5b:a3:61:28:c5:0f:16:2e:4b",
            "id": "jenkins",
            "key_name": "jenkins",
            "key_name_prefix": null,
            "key_pair_id": "key-0f6e72eb0e4d4bd3e",
            "public_key": "ssh-rsa AAAAB3NzaC1yc2EAAAADAQABAAABAQDB6A750oyHWAhrBNNEdJXGB8meHkrFY4E7dXYY8Z2Sa/Qb1Rp13BGeJu2vKYy+nPbcTroix8HvHG1HDosNqZNvVoKyx8sFsEYB6HQH2vsKQdOony5yit/sxUBpvKP4N4Cei1xwDbhKXWW2XT2jMfO2Egahk3kT2xFbk9qbUyXGNjOlHS/kRmzBUHtxaPp/QgRV+0W/zWCpdyAoO7QbrAjYxNycl8VyBn6yn73R+deECAP/tJKF49L6a7R/4wu9ogakQMABvvZAeJDTITRYUT5oBOwcyFLrHwam5OOiFstzJvfEZ5hZbY7qKeHg4lqXk7XAIw/05nK/SBuWuNsAFt+r",
            "tags": {}
          },
          "private": "eyJzY2hlbWFfdmVyc2lvbiI6IjEifQ=="
        }
      ]
    },
    {
      "mode": "managed",
      "type": "aws_lb",
      "name": "application-lb",
      "provider": "provider.aws.region-master",
      "instances": [
        {
          "schema_version": 0,
          "attributes": {
            "access_logs": [
              {
                "bucket": "",
                "enabled": false,
                "prefix": ""
              }
            ],
            "arn": "arn:aws:elasticloadbalancing:us-east-1:234761988130:loadbalancer/app/jenkins-lb/6e42b723bfbd09d7",
            "arn_suffix": "app/jenkins-lb/6e42b723bfbd09d7",
            "customer_owned_ipv4_pool": "",
            "dns_name": "jenkins-lb-958010371.us-east-1.elb.amazonaws.com",
            "drop_invalid_header_fields": false,
            "enable_cross_zone_load_balancing": null,
            "enable_deletion_protection": false,
            "enable_http2": true,
            "id": "arn:aws:elasticloadbalancing:us-east-1:234761988130:loadbalancer/app/jenkins-lb/6e42b723bfbd09d7",
            "idle_timeout": 60,
            "internal": false,
            "ip_address_type": "ipv4",
            "load_balancer_type": "application",
            "name": "jenkins-lb",
            "name_prefix": null,
            "security_groups": [
              "sg-044897d825d445d24"
            ],
            "subnet_mapping": [
              {
                "allocation_id": "",
                "outpost_id": "",
                "private_ipv4_address": "",
                "subnet_id": "subnet-05f9e9721e49ced87"
              },
              {
                "allocation_id": "",
                "outpost_id": "",
                "private_ipv4_address": "",
                "subnet_id": "subnet-0b556b837be81a632"
              }
            ],
            "subnets": [
              "subnet-05f9e9721e49ced87",
              "subnet-0b556b837be81a632"
            ],
            "tags": {
              "Name": "Jenkins-LB"
            },
            "timeouts": null,
            "vpc_id": "vpc-02cafe973e469bc47",
            "zone_id": "Z35SXDOTRQ7X7K"
          },
          "private": "eyJlMmJmYjczMC1lY2FhLTExZTYtOGY4OC0zNDM2M2JjN2M0YzAiOnsiY3JlYXRlIjo2MDAwMDAwMDAwMDAsImRlbGV0ZSI6NjAwMDAwMDAwMDAwLCJ1cGRhdGUiOjYwMDAwMDAwMDAwMH19",
          "dependencies": [
            "aws_security_group.jenkins-sg",
            "aws_security_group.lb-sg",
            "aws_subnet.subnet_1",
            "aws_subnet.subnet_2",
            "aws_vpc.vpc_useast"
          ]
        }
      ]
    },
    {
      "mode": "managed",
      "type": "aws_lb_listener",
      "name": "jenkins-listener-http",
      "provider": "provider.aws.region-master",
      "instances": [
        {
          "schema_version": 0,
          "attributes": {
            "arn": "arn:aws:elasticloadbalancing:us-east-1:234761988130:listener/app/jenkins-lb/6e42b723bfbd09d7/a74dd1a22fea9797",
            "certificate_arn": null,
            "default_action": [
              {
                "authenticate_cognito": [],
                "authenticate_oidc": [],
                "fixed_response": [],
                "forward": [],
                "order": 1,
                "redirect": [],
                "target_group_arn": "arn:aws:elasticloadbalancing:us-east-1:234761988130:targetgroup/app-lb-tg/2f8d44cf2abab9f6",
                "type": "forward"
              }
            ],
            "id": "arn:aws:elasticloadbalancing:us-east-1:234761988130:listener/app/jenkins-lb/6e42b723bfbd09d7/a74dd1a22fea9797",
            "load_balancer_arn": "arn:aws:elasticloadbalancing:us-east-1:234761988130:loadbalancer/app/jenkins-lb/6e42b723bfbd09d7",
            "port": 80,
            "protocol": "HTTP",
            "ssl_policy": "",
            "timeouts": null
          },
          "private": "eyJlMmJmYjczMC1lY2FhLTExZTYtOGY4OC0zNDM2M2JjN2M0YzAiOnsicmVhZCI6NjAwMDAwMDAwMDAwfX0=",
          "dependencies": [
            "aws_lb.application-lb",
            "aws_lb_target_group.app-lb-tg",
            "aws_security_group.jenkins-sg",
            "aws_security_group.lb-sg",
            "aws_subnet.subnet_1",
            "aws_subnet.subnet_2",
            "aws_vpc.vpc_useast"
          ]
        }
      ]
    },
    {
      "mode": "managed",
      "type": "aws_lb_target_group",
      "name": "app-lb-tg",
      "provider": "provider.aws.region-master",
      "instances": [
        {
          "schema_version": 0,
          "attributes": {
            "arn": "arn:aws:elasticloadbalancing:us-east-1:234761988130:targetgroup/app-lb-tg/2f8d44cf2abab9f6",
            "arn_suffix": "targetgroup/app-lb-tg/2f8d44cf2abab9f6",
            "deregistration_delay": 300,
            "health_check": [
              {
                "enabled": true,
                "healthy_threshold": 3,
                "interval": 10,
                "matcher": "200-299",
                "path": "/login",
                "port": "8080",
                "protocol": "HTTP",
                "timeout": 5,
                "unhealthy_threshold": 3
              }
            ],
            "id": "arn:aws:elasticloadbalancing:us-east-1:234761988130:targetgroup/app-lb-tg/2f8d44cf2abab9f6",
            "lambda_multi_value_headers_enabled": false,
            "load_balancing_algorithm_type": "round_robin",
            "name": "app-lb-tg",
            "name_prefix": null,
            "port": 8080,
            "protocol": "HTTP",
            "proxy_protocol_v2": false,
            "slow_start": 0,
            "stickiness": [
              {
                "cookie_duration": 86400,
                "enabled": false,
                "type": "lb_cookie"
              }
            ],
            "tags": {
              "Name": "jenkins-target-group"
            },
            "target_type": "instance",
            "vpc_id": "vpc-02cafe973e469bc47"
          },
          "private": "bnVsbA==",
          "dependencies": [
            "aws_vpc.vpc_useast"
          ]
        }
      ]
    },
    {
      "mode": "managed",
      "type": "aws_lb_target_group_attachment",
      "name": "jenkins-master-attach",
      "provider": "provider.aws.region-master",
      "instances": [
        {
          "schema_version": 0,
          "attributes": {
            "availability_zone": null,
            "id": "arn:aws:elasticloadbalancing:us-east-1:234761988130:targetgroup/app-lb-tg/2f8d44cf2abab9f6-20210111024956053200000001",
            "port": 8080,
            "target_group_arn": "arn:aws:elasticloadbalancing:us-east-1:234761988130:targetgroup/app-lb-tg/2f8d44cf2abab9f6",
            "target_id": "i-0ed3ab86cb3cda19e"
          },
          "private": "bnVsbA==",
          "dependencies": [
            "aws_instance.jenkins-master",
            "aws_internet_gateway.igw",
            "aws_key_pair.master-key",
            "aws_lb_target_group.app-lb-tg",
            "aws_main_route_table_association.set-master-default-rt-assoc",
            "aws_route_table.internet_route",
            "aws_security_group.jenkins-sg",
            "aws_subnet.subnet_1",
            "aws_vpc.vpc_useast",
            "aws_vpc.vpc_uswest",
            "aws_vpc_peering_connection.useast1-uswest-2"
          ]
        }
      ]
    },
    {
      "mode": "managed",
      "type": "aws_main_route_table_association",
      "name": "set-master-default-rt-assoc",
      "provider": "provider.aws.region-master",
      "instances": [
        {
          "schema_version": 0,
          "attributes": {
            "id": "rtbassoc-018310c968f3e00a9",
            "original_route_table_id": "rtb-01652ec4896558de8",
            "route_table_id": "rtb-043395950286d538c",
            "vpc_id": "vpc-02cafe973e469bc47"
          },
          "private": "bnVsbA==",
          "dependencies": [
            "aws_internet_gateway.igw",
            "aws_route_table.internet_route",
            "aws_vpc.vpc_useast",
            "aws_vpc.vpc_uswest",
            "aws_vpc_peering_connection.useast1-uswest-2"
          ]
        }
      ]
    },
    {
      "mode": "managed",
      "type": "aws_main_route_table_association",
      "name": "set-worker-default-rt-assoc",
      "provider": "provider.aws.region-worker",
      "instances": [
        {
          "schema_version": 0,
          "attributes": {
            "id": "rtbassoc-0059be3933631d375",
            "original_route_table_id": "rtb-032dad4322f433d1e",
            "route_table_id": "rtb-091c65d57ff3e5e64",
            "vpc_id": "vpc-0275aa5dc7c36d146"
          },
          "private": "bnVsbA==",
          "dependencies": [
            "aws_internet_gateway.igw-oregon",
            "aws_route_table.internet_route_oregon",
            "aws_vpc.vpc_useast",
            "aws_vpc.vpc_uswest",
            "aws_vpc_peering_connection.useast1-uswest-2"
          ]
        }
      ]
    },
    {
      "mode": "managed",
      "type": "aws_route_table",
      "name": "internet_route",
      "provider": "provider.aws.region-master",
      "instances": [
        {
          "schema_version": 0,
          "attributes": {
            "id": "rtb-043395950286d538c",
            "owner_id": "234761988130",
            "propagating_vgws": [],
            "route": [
              {
                "cidr_block": "0.0.0.0/0",
                "egress_only_gateway_id": "",
                "gateway_id": "igw-04101d043cf1e63a9",
                "instance_id": "",
                "ipv6_cidr_block": "",
                "local_gateway_id": "",
                "nat_gateway_id": "",
                "network_interface_id": "",
                "transit_gateway_id": "",
                "vpc_endpoint_id": "",
                "vpc_peering_connection_id": ""
              },
              {
                "cidr_block": "192.168.1.0/24",
                "egress_only_gateway_id": "",
                "gateway_id": "",
                "instance_id": "",
                "ipv6_cidr_block": "",
                "local_gateway_id": "",
                "nat_gateway_id": "",
                "network_interface_id": "",
                "transit_gateway_id": "",
                "vpc_endpoint_id": "",
                "vpc_peering_connection_id": "pcx-00277076c3e46d033"
              }
            ],
            "tags": {
              "Name": "Master-Region-RT"
            },
            "vpc_id": "vpc-02cafe973e469bc47"
          },
          "private": "bnVsbA==",
          "dependencies": [
            "aws_internet_gateway.igw",
            "aws_vpc.vpc_useast",
            "aws_vpc.vpc_uswest",
            "aws_vpc_peering_connection.useast1-uswest-2"
          ]
        }
      ]
    },
    {
      "mode": "managed",
      "type": "aws_route_table",
      "name": "internet_route_oregon",
      "provider": "provider.aws.region-worker",
      "instances": [
        {
          "schema_version": 0,
          "attributes": {
            "id": "rtb-091c65d57ff3e5e64",
            "owner_id": "234761988130",
            "propagating_vgws": [],
            "route": [
              {
                "cidr_block": "0.0.0.0/0",
                "egress_only_gateway_id": "",
                "gateway_id": "igw-049805af26b779a08",
                "instance_id": "",
                "ipv6_cidr_block": "",
                "local_gateway_id": "",
                "nat_gateway_id": "",
                "network_interface_id": "",
                "transit_gateway_id": "",
                "vpc_endpoint_id": "",
                "vpc_peering_connection_id": ""
              },
              {
                "cidr_block": "10.0.1.0/24",
                "egress_only_gateway_id": "",
                "gateway_id": "",
                "instance_id": "",
                "ipv6_cidr_block": "",
                "local_gateway_id": "",
                "nat_gateway_id": "",
                "network_interface_id": "",
                "transit_gateway_id": "",
                "vpc_endpoint_id": "",
                "vpc_peering_connection_id": "pcx-00277076c3e46d033"
              }
            ],
            "tags": {
              "Name": "Worker-Region-RT"
            },
            "vpc_id": "vpc-0275aa5dc7c36d146"
          },
          "private": "bnVsbA==",
          "dependencies": [
            "aws_internet_gateway.igw-oregon",
            "aws_vpc.vpc_useast",
            "aws_vpc.vpc_uswest",
            "aws_vpc_peering_connection.useast1-uswest-2"
          ]
        }
      ]
    },
    {
      "mode": "managed",
      "type": "aws_route_table_association",
      "name": "internet_association",
      "provider": "provider.aws.region-master",
      "instances": [
        {
          "schema_version": 0,
          "attributes": {
            "gateway_id": null,
            "id": "rtbassoc-03632d86c409d50e2",
            "route_table_id": "rtb-043395950286d538c",
            "subnet_id": "subnet-0b556b837be81a632"
          },
          "private": "bnVsbA==",
          "dependencies": [
            "aws_internet_gateway.igw",
            "aws_route_table.internet_route",
            "aws_subnet.subnet_1",
            "aws_vpc.vpc_useast",
            "aws_vpc.vpc_uswest",
            "aws_vpc_peering_connection.useast1-uswest-2"
          ]
        }
      ]
    },
    {
      "mode": "managed",
      "type": "aws_route_table_association",
      "name": "internet_association_oregon",
      "provider": "provider.aws.region-worker",
      "instances": [
        {
          "schema_version": 0,
          "attributes": {
            "gateway_id": null,
            "id": "rtbassoc-02cc29cc5b8a981cb",
            "route_table_id": "rtb-091c65d57ff3e5e64",
            "subnet_id": "subnet-0f737588a26211211"
          },
          "private": "bnVsbA==",
          "dependencies": [
            "aws_internet_gateway.igw-oregon",
            "aws_route_table.internet_route_oregon",
            "aws_subnet.subnet_1_oregon",
            "aws_vpc.vpc_useast",
            "aws_vpc.vpc_uswest",
            "aws_vpc_peering_connection.useast1-uswest-2"
          ]
        }
      ]
    },
    {
      "mode": "managed",
      "type": "aws_security_group",
      "name": "jenkins-sg",
      "provider": "provider.aws.region-master",
      "instances": [
        {
          "schema_version": 1,
          "attributes": {
            "arn": "arn:aws:ec2:us-east-1:234761988130:security-group/sg-020845fb834f4d462",
            "description": "Allow TCP/8080 \u0026 TCP/22",
            "egress": [
              {
                "cidr_blocks": [
                  "0.0.0.0/0"
                ],
                "description": "",
                "from_port": 0,
                "ipv6_cidr_blocks": [],
                "prefix_list_ids": [],
                "protocol": "-1",
                "security_groups": [],
                "self": false,
                "to_port": 0
              }
            ],
            "id": "sg-020845fb834f4d462",
            "ingress": [
              {
                "cidr_blocks": [
                  "0.0.0.0/0"
                ],
                "description": "Allow 22 from our public IP",
                "from_port": 22,
                "ipv6_cidr_blocks": [],
                "prefix_list_ids": [],
                "protocol": "tcp",
                "security_groups": [],
                "self": false,
                "to_port": 22
              },
              {
                "cidr_blocks": [
                  "0.0.0.0/0"
                ],
                "description": "allow anyone on port 8080",
                "from_port": 8080,
                "ipv6_cidr_blocks": [],
                "prefix_list_ids": [],
                "protocol": "tcp",
                "security_groups": [],
                "self": false,
                "to_port": 8080
              },
              {
                "cidr_blocks": [
                  "192.168.1.0/24"
                ],
                "description": "allow traffic from us-west-2",
                "from_port": 0,
                "ipv6_cidr_blocks": [],
                "prefix_list_ids": [],
                "protocol": "-1",
                "security_groups": [],
                "self": false,
                "to_port": 0
              }
            ],
            "name": "jenkins-sg",
            "name_prefix": "",
            "owner_id": "234761988130",
            "revoke_rules_on_delete": false,
            "tags": {},
            "timeouts": null,
            "vpc_id": "vpc-02cafe973e469bc47"
          },
          "private": "eyJlMmJmYjczMC1lY2FhLTExZTYtOGY4OC0zNDM2M2JjN2M0YzAiOnsiY3JlYXRlIjo2MDAwMDAwMDAwMDAsImRlbGV0ZSI6NjAwMDAwMDAwMDAwfSwic2NoZW1hX3ZlcnNpb24iOiIxIn0=",
          "dependencies": [
            "aws_vpc.vpc_useast"
          ]
        }
      ]
    },
    {
      "mode": "managed",
      "type": "aws_security_group",
      "name": "jenkins-sg-oregon",
      "provider": "provider.aws.region-worker",
      "instances": [
        {
          "schema_version": 1,
          "attributes": {
            "arn": "arn:aws:ec2:us-west-2:234761988130:security-group/sg-0a2f835d573e74410",
            "description": "Allow TCP/8080 \u0026 TCP/22",
            "egress": [
              {
                "cidr_blocks": [
                  "0.0.0.0/0"
                ],
                "description": "",
                "from_port": 0,
                "ipv6_cidr_blocks": [],
                "prefix_list_ids": [],
                "protocol": "-1",
                "security_groups": [],
                "self": false,
                "to_port": 0
              }
            ],
            "id": "sg-0a2f835d573e74410",
            "ingress": [
              {
                "cidr_blocks": [
                  "0.0.0.0/0"
                ],
                "description": "Allow 22 from our public IP",
                "from_port": 22,
                "ipv6_cidr_blocks": [],
                "prefix_list_ids": [],
                "protocol": "tcp",
                "security_groups": [],
                "self": false,
                "to_port": 22
              },
              {
                "cidr_blocks": [
                  "10.0.1.0/24"
                ],
                "description": "Allow traffic from us-east-1",
                "from_port": 0,
                "ipv6_cidr_blocks": [],
                "prefix_list_ids": [],
                "protocol": "-1",
                "security_groups": [],
                "self": false,
                "to_port": 0
              }
            ],
            "name": "jenkins-sg-oregon",
            "name_prefix": "",
            "owner_id": "234761988130",
            "revoke_rules_on_delete": false,
            "tags": {},
            "timeouts": null,
            "vpc_id": "vpc-0275aa5dc7c36d146"
          },
          "private": "eyJlMmJmYjczMC1lY2FhLTExZTYtOGY4OC0zNDM2M2JjN2M0YzAiOnsiY3JlYXRlIjo2MDAwMDAwMDAwMDAsImRlbGV0ZSI6NjAwMDAwMDAwMDAwfSwic2NoZW1hX3ZlcnNpb24iOiIxIn0=",
          "dependencies": [
            "aws_vpc.vpc_uswest"
          ]
        }
      ]
    },
    {
      "mode": "managed",
      "type": "aws_security_group",
      "name": "lb-sg",
      "provider": "provider.aws.region-master",
      "instances": [
        {
          "schema_version": 1,
          "attributes": {
            "arn": "arn:aws:ec2:us-east-1:234761988130:security-group/sg-044897d825d445d24",
            "description": "Allow 443 and traffic to Jenkins SG",
            "egress": [
              {
                "cidr_blocks": [
                  "0.0.0.0/0"
                ],
                "description": "",
                "from_port": 0,
                "ipv6_cidr_blocks": [],
                "prefix_list_ids": [],
                "protocol": "-1",
                "security_groups": [],
                "self": false,
                "to_port": 0
              }
            ],
            "id": "sg-044897d825d445d24",
            "ingress": [
              {
                "cidr_blocks": [
                  "0.0.0.0/0"
                ],
                "description": "Allow 443 from anywhere",
                "from_port": 443,
                "ipv6_cidr_blocks": [],
                "prefix_list_ids": [],
                "protocol": "tcp",
                "security_groups": [],
                "self": false,
                "to_port": 443
              },
              {
                "cidr_blocks": [
                  "0.0.0.0/0"
                ],
                "description": "Allow 80 from anywhere for redirection",
                "from_port": 80,
                "ipv6_cidr_blocks": [],
                "prefix_list_ids": [],
                "protocol": "tcp",
                "security_groups": [],
                "self": false,
                "to_port": 80
              },
              {
                "cidr_blocks": [],
                "description": "Allow traffic to jenkins-sg",
                "from_port": 0,
                "ipv6_cidr_blocks": [],
                "prefix_list_ids": [],
                "protocol": "tcp",
                "security_groups": [
                  "sg-020845fb834f4d462"
                ],
                "self": false,
                "to_port": 0
              }
            ],
            "name": "lb-sg",
            "name_prefix": "",
            "owner_id": "234761988130",
            "revoke_rules_on_delete": false,
            "tags": {},
            "timeouts": null,
            "vpc_id": "vpc-02cafe973e469bc47"
          },
          "private": "eyJlMmJmYjczMC1lY2FhLTExZTYtOGY4OC0zNDM2M2JjN2M0YzAiOnsiY3JlYXRlIjo2MDAwMDAwMDAwMDAsImRlbGV0ZSI6NjAwMDAwMDAwMDAwfSwic2NoZW1hX3ZlcnNpb24iOiIxIn0=",
          "dependencies": [
            "aws_security_group.jenkins-sg",
            "aws_vpc.vpc_useast"
          ]
        }
      ]
    },
    {
      "mode": "managed",
      "type": "aws_subnet",
      "name": "subnet_1",
      "provider": "provider.aws.region-master",
      "instances": [
        {
          "schema_version": 1,
          "attributes": {
            "arn": "arn:aws:ec2:us-east-1:234761988130:subnet/subnet-0b556b837be81a632",
            "assign_ipv6_address_on_creation": false,
            "availability_zone": "us-east-1a",
            "availability_zone_id": "use1-az4",
            "cidr_block": "10.0.1.0/24",
            "id": "subnet-0b556b837be81a632",
            "ipv6_cidr_block": "",
            "ipv6_cidr_block_association_id": "",
            "map_public_ip_on_launch": false,
            "outpost_arn": "",
            "owner_id": "234761988130",
            "tags": {},
            "timeouts": null,
            "vpc_id": "vpc-02cafe973e469bc47"
          },
          "private": "eyJlMmJmYjczMC1lY2FhLTExZTYtOGY4OC0zNDM2M2JjN2M0YzAiOnsiY3JlYXRlIjo2MDAwMDAwMDAwMDAsImRlbGV0ZSI6MTIwMDAwMDAwMDAwMH0sInNjaGVtYV92ZXJzaW9uIjoiMSJ9",
          "dependencies": [
            "aws_vpc.vpc_useast"
          ]
        }
      ]
    },
    {
      "mode": "managed",
      "type": "aws_subnet",
      "name": "subnet_1_oregon",
      "provider": "provider.aws.region-worker",
      "instances": [
        {
          "schema_version": 1,
          "attributes": {
            "arn": "arn:aws:ec2:us-west-2:234761988130:subnet/subnet-0f737588a26211211",
            "assign_ipv6_address_on_creation": false,
            "availability_zone": "us-west-2c",
            "availability_zone_id": "usw2-az3",
            "cidr_block": "192.168.1.0/24",
            "id": "subnet-0f737588a26211211",
            "ipv6_cidr_block": "",
            "ipv6_cidr_block_association_id": "",
            "map_public_ip_on_launch": false,
            "outpost_arn": "",
            "owner_id": "234761988130",
            "tags": {},
            "timeouts": null,
            "vpc_id": "vpc-0275aa5dc7c36d146"
          },
          "private": "eyJlMmJmYjczMC1lY2FhLTExZTYtOGY4OC0zNDM2M2JjN2M0YzAiOnsiY3JlYXRlIjo2MDAwMDAwMDAwMDAsImRlbGV0ZSI6MTIwMDAwMDAwMDAwMH0sInNjaGVtYV92ZXJzaW9uIjoiMSJ9",
          "dependencies": [
            "aws_vpc.vpc_uswest"
          ]
        }
      ]
    },
    {
      "mode": "managed",
      "type": "aws_subnet",
      "name": "subnet_2",
      "provider": "provider.aws.region-master",
      "instances": [
        {
          "schema_version": 1,
          "attributes": {
            "arn": "arn:aws:ec2:us-east-1:234761988130:subnet/subnet-05f9e9721e49ced87",
            "assign_ipv6_address_on_creation": false,
            "availability_zone": "us-east-1b",
            "availability_zone_id": "use1-az6",
            "cidr_block": "10.0.2.0/24",
            "id": "subnet-05f9e9721e49ced87",
            "ipv6_cidr_block": "",
            "ipv6_cidr_block_association_id": "",
            "map_public_ip_on_launch": false,
            "outpost_arn": "",
            "owner_id": "234761988130",
            "tags": {},
            "timeouts": null,
            "vpc_id": "vpc-02cafe973e469bc47"
          },
          "private": "eyJlMmJmYjczMC1lY2FhLTExZTYtOGY4OC0zNDM2M2JjN2M0YzAiOnsiY3JlYXRlIjo2MDAwMDAwMDAwMDAsImRlbGV0ZSI6MTIwMDAwMDAwMDAwMH0sInNjaGVtYV92ZXJzaW9uIjoiMSJ9",
          "dependencies": [
            "aws_vpc.vpc_useast"
          ]
        }
      ]
    },
    {
      "mode": "managed",
      "type": "aws_vpc",
      "name": "vpc_useast",
      "provider": "provider.aws.region-master",
      "instances": [
        {
          "schema_version": 1,
          "attributes": {
            "arn": "arn:aws:ec2:us-east-1:234761988130:vpc/vpc-02cafe973e469bc47",
            "assign_generated_ipv6_cidr_block": false,
            "cidr_block": "10.0.0.0/16",
            "default_network_acl_id": "acl-07987dc865ba90865",
            "default_route_table_id": "rtb-043395950286d538c",
            "default_security_group_id": "sg-0598f3af86aa17000",
            "dhcp_options_id": "dopt-059a78cec9a68a6ed",
            "enable_classiclink": false,
            "enable_classiclink_dns_support": false,
            "enable_dns_hostnames": true,
            "enable_dns_support": true,
            "id": "vpc-02cafe973e469bc47",
            "instance_tenancy": "default",
            "ipv6_association_id": "",
            "ipv6_cidr_block": "",
            "main_route_table_id": "rtb-043395950286d538c",
            "owner_id": "234761988130",
            "tags": {
              "Name": "master-vpc-jenkins"
            }
          },
          "private": "eyJzY2hlbWFfdmVyc2lvbiI6IjEifQ=="
        }
      ]
    },
    {
      "mode": "managed",
      "type": "aws_vpc",
      "name": "vpc_uswest",
      "provider": "provider.aws.region-worker",
      "instances": [
        {
          "schema_version": 1,
          "attributes": {
            "arn": "arn:aws:ec2:us-west-2:234761988130:vpc/vpc-0275aa5dc7c36d146",
            "assign_generated_ipv6_cidr_block": false,
            "cidr_block": "192.168.0.0/16",
            "default_network_acl_id": "acl-05b62570a78c8ce99",
            "default_route_table_id": "rtb-091c65d57ff3e5e64",
            "default_security_group_id": "sg-0c5a577b8de3f464f",
            "dhcp_options_id": "dopt-0e12253a113459f50",
            "enable_classiclink": false,
            "enable_classiclink_dns_support": false,
            "enable_dns_hostnames": true,
            "enable_dns_support": true,
            "id": "vpc-0275aa5dc7c36d146",
            "instance_tenancy": "default",
            "ipv6_association_id": "",
            "ipv6_cidr_block": "",
            "main_route_table_id": "rtb-091c65d57ff3e5e64",
            "owner_id": "234761988130",
            "tags": {
              "Name": "worker-vpc-jenkins"
            }
          },
          "private": "eyJzY2hlbWFfdmVyc2lvbiI6IjEifQ=="
        }
      ]
    },
    {
      "mode": "managed",
      "type": "aws_vpc_peering_connection",
      "name": "useast1-uswest-2",
      "provider": "provider.aws.region-master",
      "instances": [
        {
          "schema_version": 0,
          "attributes": {
            "accept_status": "active",
            "accepter": [
              {
                "allow_classic_link_to_remote_vpc": false,
                "allow_remote_vpc_dns_resolution": false,
                "allow_vpc_to_remote_classic_link": false
              }
            ],
            "auto_accept": null,
            "id": "pcx-00277076c3e46d033",
            "peer_owner_id": "234761988130",
            "peer_region": "us-west-2",
            "peer_vpc_id": "vpc-0275aa5dc7c36d146",
            "requester": [
              {
                "allow_classic_link_to_remote_vpc": false,
                "allow_remote_vpc_dns_resolution": false,
                "allow_vpc_to_remote_classic_link": false
              }
            ],
            "tags": {},
            "timeouts": null,
            "vpc_id": "vpc-02cafe973e469bc47"
          },
          "private": "eyJlMmJmYjczMC1lY2FhLTExZTYtOGY4OC0zNDM2M2JjN2M0YzAiOnsiY3JlYXRlIjo2MDAwMDAwMDAwMCwiZGVsZXRlIjo2MDAwMDAwMDAwMCwidXBkYXRlIjo2MDAwMDAwMDAwMH19",
          "dependencies": [
            "aws_vpc.vpc_useast",
            "aws_vpc.vpc_uswest"
          ]
        }
      ]
    },
    {
      "mode": "managed",
      "type": "aws_vpc_peering_connection_accepter",
      "name": "accept_peering",
      "provider": "provider.aws.region-worker",
      "instances": [
        {
          "schema_version": 0,
          "attributes": {
            "accept_status": "active",
            "accepter": [
              {
                "allow_classic_link_to_remote_vpc": false,
                "allow_remote_vpc_dns_resolution": false,
                "allow_vpc_to_remote_classic_link": false
              }
            ],
            "auto_accept": true,
            "id": "pcx-00277076c3e46d033",
            "peer_owner_id": "234761988130",
            "peer_region": "us-west-2",
            "peer_vpc_id": "vpc-0275aa5dc7c36d146",
            "requester": [
              {
                "allow_classic_link_to_remote_vpc": false,
                "allow_remote_vpc_dns_resolution": false,
                "allow_vpc_to_remote_classic_link": false
              }
            ],
            "tags": {},
            "vpc_id": "vpc-02cafe973e469bc47",
            "vpc_peering_connection_id": "pcx-00277076c3e46d033"
          },
          "private": "bnVsbA==",
          "dependencies": [
            "aws_vpc.vpc_useast",
            "aws_vpc.vpc_uswest",
            "aws_vpc_peering_connection.useast1-uswest-2"
          ]
        }
      ]
    }
  ]
}
